// !$*UTF8*$!
{
	archiveVersion = 1;
	classes = {
	};
	objectVersion = 46;
	objects = {

/* Begin PBXBuildFile section */
		C00B67D61C52656500652D03 /* CNMURLSessionDataTask.m in Sources */ = {isa = PBXBuildFile; fileRef = C00B67D51C52656500652D03 /* CNMURLSessionDataTask.m */; };
		C00B67DA1C52657300652D03 /* CNMRequest.m in Sources */ = {isa = PBXBuildFile; fileRef = C00B67D91C52657300652D03 /* CNMRequest.m */; };
		C00B67DD1C52657800652D03 /* CNMSession.m in Sources */ = {isa = PBXBuildFile; fileRef = C00B67DC1C52657800652D03 /* CNMSession.m */; };
		C07313191C5126FA00AE5DA9 /* main.m in Sources */ = {isa = PBXBuildFile; fileRef = C07313181C5126FA00AE5DA9 /* main.m */; };
		C07313221C5126FA00AE5DA9 /* Main.storyboard in Resources */ = {isa = PBXBuildFile; fileRef = C07313201C5126FA00AE5DA9 /* Main.storyboard */; };
		C07313241C5126FA00AE5DA9 /* Assets.xcassets in Resources */ = {isa = PBXBuildFile; fileRef = C07313231C5126FA00AE5DA9 /* Assets.xcassets */; };
		C07313271C5126FA00AE5DA9 /* LaunchScreen.storyboard in Resources */ = {isa = PBXBuildFile; fileRef = C07313251C5126FA00AE5DA9 /* LaunchScreen.storyboard */; };
		C07313421C51277D00AE5DA9 /* CNMAppDelegate.m in Sources */ = {isa = PBXBuildFile; fileRef = C073133F1C51277D00AE5DA9 /* CNMAppDelegate.m */; };
		C07313431C51277D00AE5DA9 /* CNMViewController.m in Sources */ = {isa = PBXBuildFile; fileRef = C07313411C51277D00AE5DA9 /* CNMViewController.m */; };
		C07313651C514D6E00AE5DA9 /* CNMDataOperation.m in Sources */ = {isa = PBXBuildFile; fileRef = C07313641C514D6E00AE5DA9 /* CNMDataOperation.m */; };
		C6038C118D8EB0583E2FD282 /* libPods.a in Frameworks */ = {isa = PBXBuildFile; fileRef = 3863EB8C42856B8CF9B1624B /* libPods.a */; };
/* End PBXBuildFile section */

/* Begin PBXFileReference section */
		3863EB8C42856B8CF9B1624B /* libPods.a */ = {isa = PBXFileReference; explicitFileType = archive.ar; includeInIndex = 0; path = libPods.a; sourceTree = BUILT_PRODUCTS_DIR; };
		BA3D3306C200173E84BCBCED /* Pods.release.xcconfig */ = {isa = PBXFileReference; includeInIndex = 1; lastKnownFileType = text.xcconfig; name = Pods.release.xcconfig; path = "Pods/Target Support Files/Pods/Pods.release.xcconfig"; sourceTree = "<group>"; };
		C00B67D41C52656500652D03 /* CNMURLSessionDataTask.h */ = {isa = PBXFileReference; fileEncoding = 4; lastKnownFileType = sourcecode.c.h; name = CNMURLSessionDataTask.h; path = "CoreNetworking-iOS/DataTask/CNMURLSessionDataTask.h"; sourceTree = SOURCE_ROOT; };
		C00B67D51C52656500652D03 /* CNMURLSessionDataTask.m */ = {isa = PBXFileReference; fileEncoding = 4; lastKnownFileType = sourcecode.c.objc; name = CNMURLSessionDataTask.m; path = "CoreNetworking-iOS/DataTask/CNMURLSessionDataTask.m"; sourceTree = SOURCE_ROOT; };
		C00B67D71C52656E00652D03 /* CoreNetworking.h */ = {isa = PBXFileReference; lastKnownFileType = sourcecode.c.h; name = CoreNetworking.h; path = "CoreNetworking-iOS/Header/CoreNetworking.h"; sourceTree = SOURCE_ROOT; };
		C00B67D81C52657300652D03 /* CNMRequest.h */ = {isa = PBXFileReference; fileEncoding = 4; lastKnownFileType = sourcecode.c.h; name = CNMRequest.h; path = "CoreNetworking-iOS/Request/CNMRequest.h"; sourceTree = SOURCE_ROOT; };
		C00B67D91C52657300652D03 /* CNMRequest.m */ = {isa = PBXFileReference; fileEncoding = 4; lastKnownFileType = sourcecode.c.objc; name = CNMRequest.m; path = "CoreNetworking-iOS/Request/CNMRequest.m"; sourceTree = SOURCE_ROOT; };
		C00B67DB1C52657800652D03 /* CNMSession.h */ = {isa = PBXFileReference; fileEncoding = 4; lastKnownFileType = sourcecode.c.h; name = CNMSession.h; path = "CoreNetworking-iOS/Session/CNMSession.h"; sourceTree = SOURCE_ROOT; };
		C00B67DC1C52657800652D03 /* CNMSession.m */ = {isa = PBXFileReference; fileEncoding = 4; lastKnownFileType = sourcecode.c.objc; name = CNMSession.m; path = "CoreNetworking-iOS/Session/CNMSession.m"; sourceTree = SOURCE_ROOT; };
		C07313141C5126FA00AE5DA9 /* CoreNetworking.app */ = {isa = PBXFileReference; explicitFileType = wrapper.application; includeInIndex = 0; path = CoreNetworking.app; sourceTree = BUILT_PRODUCTS_DIR; };
		C07313181C5126FA00AE5DA9 /* main.m */ = {isa = PBXFileReference; lastKnownFileType = sourcecode.c.objc; path = main.m; sourceTree = "<group>"; };
		C07313211C5126FA00AE5DA9 /* Base */ = {isa = PBXFileReference; lastKnownFileType = file.storyboard; name = Base; path = Base.lproj/Main.storyboard; sourceTree = "<group>"; };
		C07313231C5126FA00AE5DA9 /* Assets.xcassets */ = {isa = PBXFileReference; lastKnownFileType = folder.assetcatalog; path = Assets.xcassets; sourceTree = "<group>"; };
		C07313261C5126FA00AE5DA9 /* Base */ = {isa = PBXFileReference; lastKnownFileType = file.storyboard; name = Base; path = Base.lproj/LaunchScreen.storyboard; sourceTree = "<group>"; };
		C07313281C5126FA00AE5DA9 /* Info.plist */ = {isa = PBXFileReference; lastKnownFileType = text.plist.xml; path = Info.plist; sourceTree = "<group>"; };
		C073133E1C51277D00AE5DA9 /* CNMAppDelegate.h */ = {isa = PBXFileReference; fileEncoding = 4; lastKnownFileType = sourcecode.c.h; path = CNMAppDelegate.h; sourceTree = "<group>"; };
		C073133F1C51277D00AE5DA9 /* CNMAppDelegate.m */ = {isa = PBXFileReference; fileEncoding = 4; lastKnownFileType = sourcecode.c.objc; path = CNMAppDelegate.m; sourceTree = "<group>"; };
		C07313401C51277D00AE5DA9 /* CNMViewController.h */ = {isa = PBXFileReference; fileEncoding = 4; lastKnownFileType = sourcecode.c.h; path = CNMViewController.h; sourceTree = "<group>"; };
		C07313411C51277D00AE5DA9 /* CNMViewController.m */ = {isa = PBXFileReference; fileEncoding = 4; lastKnownFileType = sourcecode.c.objc; path = CNMViewController.m; sourceTree = "<group>"; };
		C07313631C514D6E00AE5DA9 /* CNMDataOperation.h */ = {isa = PBXFileReference; fileEncoding = 4; lastKnownFileType = sourcecode.c.h; path = CNMDataOperation.h; sourceTree = "<group>"; };
		C07313641C514D6E00AE5DA9 /* CNMDataOperation.m */ = {isa = PBXFileReference; fileEncoding = 4; lastKnownFileType = sourcecode.c.objc; path = CNMDataOperation.m; sourceTree = "<group>"; };
		DE1BE7246B828B90BD5861CC /* Pods.debug.xcconfig */ = {isa = PBXFileReference; includeInIndex = 1; lastKnownFileType = text.xcconfig; name = Pods.debug.xcconfig; path = "Pods/Target Support Files/Pods/Pods.debug.xcconfig"; sourceTree = "<group>"; };
/* End PBXFileReference section */

/* Begin PBXFrameworksBuildPhase section */
		C07313111C5126FA00AE5DA9 /* Frameworks */ = {
			isa = PBXFrameworksBuildPhase;
			buildActionMask = 2147483647;
			files = (
				C6038C118D8EB0583E2FD282 /* libPods.a in Frameworks */,
			);
			runOnlyForDeploymentPostprocessing = 0;
		};
/* End PBXFrameworksBuildPhase section */

/* Begin PBXGroup section */
		2410A4E305FE24CAA78E91ED /* Pods */ = {
			isa = PBXGroup;
			children = (
				DE1BE7246B828B90BD5861CC /* Pods.debug.xcconfig */,
				BA3D3306C200173E84BCBCED /* Pods.release.xcconfig */,
			);
			name = Pods;
			sourceTree = "<group>";
		};
		80BEE3EEA7C24192B45A93D6 /* Frameworks */ = {
			isa = PBXGroup;
			children = (
				3863EB8C42856B8CF9B1624B /* libPods.a */,
			);
			name = Frameworks;
			sourceTree = "<group>";
		};
		C073130B1C5126FA00AE5DA9 = {
			isa = PBXGroup;
			children = (
				C07313161C5126FA00AE5DA9 /* CoreNetworking */,
				C07313151C5126FA00AE5DA9 /* Products */,
				2410A4E305FE24CAA78E91ED /* Pods */,
				80BEE3EEA7C24192B45A93D6 /* Frameworks */,
			);
			sourceTree = "<group>";
		};
		C07313151C5126FA00AE5DA9 /* Products */ = {
			isa = PBXGroup;
			children = (
				C07313141C5126FA00AE5DA9 /* CoreNetworking.app */,
			);
			name = Products;
			sourceTree = "<group>";
		};
		C07313161C5126FA00AE5DA9 /* CoreNetworking */ = {
			isa = PBXGroup;
			children = (
				C07313441C51279000AE5DA9 /* CoreNetworking */,
				C073133D1C51277D00AE5DA9 /* Example */,
				C07313201C5126FA00AE5DA9 /* Main.storyboard */,
				C07313231C5126FA00AE5DA9 /* Assets.xcassets */,
				C07313251C5126FA00AE5DA9 /* LaunchScreen.storyboard */,
				C07313281C5126FA00AE5DA9 /* Info.plist */,
				C07313171C5126FA00AE5DA9 /* Supporting Files */,
			);
			path = CoreNetworking;
			sourceTree = "<group>";
		};
		C07313171C5126FA00AE5DA9 /* Supporting Files */ = {
			isa = PBXGroup;
			children = (
				C07313181C5126FA00AE5DA9 /* main.m */,
			);
			name = "Supporting Files";
			sourceTree = "<group>";
		};
		C073133D1C51277D00AE5DA9 /* Example */ = {
			isa = PBXGroup;
			children = (
				C073133E1C51277D00AE5DA9 /* CNMAppDelegate.h */,
				C073133F1C51277D00AE5DA9 /* CNMAppDelegate.m */,
				C07313401C51277D00AE5DA9 /* CNMViewController.h */,
				C07313411C51277D00AE5DA9 /* CNMViewController.m */,
				C07313631C514D6E00AE5DA9 /* CNMDataOperation.h */,
				C07313641C514D6E00AE5DA9 /* CNMDataOperation.m */,
			);
			path = Example;
			sourceTree = "<group>";
		};
		C07313441C51279000AE5DA9 /* CoreNetworking */ = {
			isa = PBXGroup;
			children = (
				C07313451C5127A600AE5DA9 /* DataTask */,
				C07313481C5127A600AE5DA9 /* Header */,
				C073134A1C5127A600AE5DA9 /* Request */,
				C073134D1C5127A600AE5DA9 /* Session */,
			);
			name = CoreNetworking;
			path = Example;
			sourceTree = "<group>";
		};
		C07313451C5127A600AE5DA9 /* DataTask */ = {
			isa = PBXGroup;
			children = (
				C00B67D41C52656500652D03 /* CNMURLSessionDataTask.h */,
				C00B67D51C52656500652D03 /* CNMURLSessionDataTask.m */,
			);
			path = DataTask;
			sourceTree = "<group>";
		};
		C07313481C5127A600AE5DA9 /* Header */ = {
			isa = PBXGroup;
			children = (
				C00B67D71C52656E00652D03 /* CoreNetworking.h */,
			);
			path = Header;
			sourceTree = "<group>";
		};
		C073134A1C5127A600AE5DA9 /* Request */ = {
			isa = PBXGroup;
			children = (
				C00B67D81C52657300652D03 /* CNMRequest.h */,
				C00B67D91C52657300652D03 /* CNMRequest.m */,
			);
			path = Request;
			sourceTree = "<group>";
		};
		C073134D1C5127A600AE5DA9 /* Session */ = {
			isa = PBXGroup;
			children = (
				C00B67DB1C52657800652D03 /* CNMSession.h */,
				C00B67DC1C52657800652D03 /* CNMSession.m */,
			);
			path = Session;
			sourceTree = "<group>";
		};
/* End PBXGroup section */

/* Begin PBXNativeTarget section */
		C07313131C5126FA00AE5DA9 /* CoreNetworking */ = {
			isa = PBXNativeTarget;
			buildConfigurationList = C073132B1C5126FA00AE5DA9 /* Build configuration list for PBXNativeTarget "CoreNetworking" */;
			buildPhases = (
				0FB2CE2A07F63D3D56CF3694 /* Check Pods Manifest.lock */,
				C07313101C5126FA00AE5DA9 /* Sources */,
				C07313111C5126FA00AE5DA9 /* Frameworks */,
				C07313121C5126FA00AE5DA9 /* Resources */,
				78BCA83DADA6152BE4A23E27 /* Embed Pods Frameworks */,
				5F1CAA1017B505874AF54E8C /* Copy Pods Resources */,
			);
			buildRules = (
			);
			dependencies = (
			);
			name = CoreNetworking;
			productName = CoreNetworking;
			productReference = C07313141C5126FA00AE5DA9 /* CoreNetworking.app */;
			productType = "com.apple.product-type.application";
		};
/* End PBXNativeTarget section */

/* Begin PBXProject section */
		C073130C1C5126FA00AE5DA9 /* Project object */ = {
			isa = PBXProject;
			attributes = {
				LastUpgradeCheck = 0720;
				ORGANIZATIONNAME = GabrielMassana;
				TargetAttributes = {
					C07313131C5126FA00AE5DA9 = {
						CreatedOnToolsVersion = 7.2;
					};
				};
			};
			buildConfigurationList = C073130F1C5126FA00AE5DA9 /* Build configuration list for PBXProject "CoreNetworking" */;
			compatibilityVersion = "Xcode 3.2";
			developmentRegion = English;
			hasScannedForEncodings = 0;
			knownRegions = (
				en,
				Base,
			);
			mainGroup = C073130B1C5126FA00AE5DA9;
			productRefGroup = C07313151C5126FA00AE5DA9 /* Products */;
			projectDirPath = "";
			projectRoot = "";
			targets = (
				C07313131C5126FA00AE5DA9 /* CoreNetworking */,
			);
		};
/* End PBXProject section */

/* Begin PBXResourcesBuildPhase section */
		C07313121C5126FA00AE5DA9 /* Resources */ = {
			isa = PBXResourcesBuildPhase;
			buildActionMask = 2147483647;
			files = (
				C07313271C5126FA00AE5DA9 /* LaunchScreen.storyboard in Resources */,
				C07313241C5126FA00AE5DA9 /* Assets.xcassets in Resources */,
				C07313221C5126FA00AE5DA9 /* Main.storyboard in Resources */,
			);
			runOnlyForDeploymentPostprocessing = 0;
		};
/* End PBXResourcesBuildPhase section */

/* Begin PBXShellScriptBuildPhase section */
		0FB2CE2A07F63D3D56CF3694 /* Check Pods Manifest.lock */ = {
			isa = PBXShellScriptBuildPhase;
			buildActionMask = 2147483647;
			files = (
			);
			inputPaths = (
			);
			name = "Check Pods Manifest.lock";
			outputPaths = (
			);
			runOnlyForDeploymentPostprocessing = 0;
			shellPath = /bin/sh;
			shellScript = "diff \"${PODS_ROOT}/../Podfile.lock\" \"${PODS_ROOT}/Manifest.lock\" > /dev/null\nif [[ $? != 0 ]] ; then\n    cat << EOM\nerror: The sandbox is not in sync with the Podfile.lock. Run 'pod install' or update your CocoaPods installation.\nEOM\n    exit 1\nfi\n";
			showEnvVarsInLog = 0;
		};
		5F1CAA1017B505874AF54E8C /* Copy Pods Resources */ = {
			isa = PBXShellScriptBuildPhase;
			buildActionMask = 2147483647;
			files = (
			);
			inputPaths = (
			);
			name = "Copy Pods Resources";
			outputPaths = (
			);
			runOnlyForDeploymentPostprocessing = 0;
			shellPath = /bin/sh;
			shellScript = "\"${SRCROOT}/Pods/Target Support Files/Pods/Pods-resources.sh\"\n";
			showEnvVarsInLog = 0;
		};
		78BCA83DADA6152BE4A23E27 /* Embed Pods Frameworks */ = {
			isa = PBXShellScriptBuildPhase;
			buildActionMask = 2147483647;
			files = (
			);
			inputPaths = (
			);
			name = "Embed Pods Frameworks";
			outputPaths = (
			);
			runOnlyForDeploymentPostprocessing = 0;
			shellPath = /bin/sh;
			shellScript = "\"${SRCROOT}/Pods/Target Support Files/Pods/Pods-frameworks.sh\"\n";
			showEnvVarsInLog = 0;
		};
/* End PBXShellScriptBuildPhase section */

/* Begin PBXSourcesBuildPhase section */
		C07313101C5126FA00AE5DA9 /* Sources */ = {
			isa = PBXSourcesBuildPhase;
			buildActionMask = 2147483647;
			files = (
				C00B67D61C52656500652D03 /* CNMURLSessionDataTask.m in Sources */,
				C00B67DD1C52657800652D03 /* CNMSession.m in Sources */,
				C07313431C51277D00AE5DA9 /* CNMViewController.m in Sources */,
				C07313191C5126FA00AE5DA9 /* main.m in Sources */,
				C07313651C514D6E00AE5DA9 /* CNMDataOperation.m in Sources */,
				C00B67DA1C52657300652D03 /* CNMRequest.m in Sources */,
				C07313421C51277D00AE5DA9 /* CNMAppDelegate.m in Sources */,
			);
			runOnlyForDeploymentPostprocessing = 0;
		};
/* End PBXSourcesBuildPhase section */

/* Begin PBXVariantGroup section */
		C07313201C5126FA00AE5DA9 /* Main.storyboard */ = {
			isa = PBXVariantGroup;
			children = (
				C07313211C5126FA00AE5DA9 /* Base */,
			);
			name = Main.storyboard;
			sourceTree = "<group>";
		};
		C07313251C5126FA00AE5DA9 /* LaunchScreen.storyboard */ = {
			isa = PBXVariantGroup;
			children = (
				C07313261C5126FA00AE5DA9 /* Base */,
			);
			name = LaunchScreen.storyboard;
			sourceTree = "<group>";
		};
/* End PBXVariantGroup section */

/* Begin XCBuildConfiguration section */
		C07313291C5126FA00AE5DA9 /* Debug */ = {
			isa = XCBuildConfiguration;
			buildSettings = {
				ALWAYS_SEARCH_USER_PATHS = NO;
				CLANG_CXX_LANGUAGE_STANDARD = "gnu++0x";
				CLANG_CXX_LIBRARY = "libc++";
				CLANG_ENABLE_MODULES = YES;
				CLANG_ENABLE_OBJC_ARC = YES;
				CLANG_WARN_BOOL_CONVERSION = YES;
				CLANG_WARN_CONSTANT_CONVERSION = YES;
				CLANG_WARN_DIRECT_OBJC_ISA_USAGE = YES_ERROR;
				CLANG_WARN_EMPTY_BODY = YES;
				CLANG_WARN_ENUM_CONVERSION = YES;
				CLANG_WARN_INT_CONVERSION = YES;
				CLANG_WARN_OBJC_ROOT_CLASS = YES_ERROR;
				CLANG_WARN_UNREACHABLE_CODE = YES;
				CLANG_WARN__DUPLICATE_METHOD_MATCH = YES;
				"CODE_SIGN_IDENTITY[sdk=iphoneos*]" = "iPhone Developer";
				COPY_PHASE_STRIP = NO;
				DEBUG_INFORMATION_FORMAT = dwarf;
				ENABLE_STRICT_OBJC_MSGSEND = YES;
				ENABLE_TESTABILITY = YES;
				GCC_C_LANGUAGE_STANDARD = gnu99;
				GCC_DYNAMIC_NO_PIC = NO;
				GCC_NO_COMMON_BLOCKS = YES;
				GCC_OPTIMIZATION_LEVEL = 0;
				GCC_PREPROCESSOR_DEFINITIONS = (
					"DEBUG=1",
					"$(inherited)",
				);
				GCC_WARN_64_TO_32_BIT_CONVERSION = YES;
				GCC_WARN_ABOUT_RETURN_TYPE = YES_ERROR;
				GCC_WARN_UNDECLARED_SELECTOR = YES;
				GCC_WARN_UNINITIALIZED_AUTOS = YES_AGGRESSIVE;
				GCC_WARN_UNUSED_FUNCTION = YES;
				GCC_WARN_UNUSED_VARIABLE = YES;
				IPHONEOS_DEPLOYMENT_TARGET = 9.2;
				MTL_ENABLE_DEBUG_INFO = YES;
				ONLY_ACTIVE_ARCH = YES;
				SDKROOT = iphoneos;
			};
			name = Debug;
		};
		C073132A1C5126FA00AE5DA9 /* Release */ = {
			isa = XCBuildConfiguration;
			buildSettings = {
				ALWAYS_SEARCH_USER_PATHS = NO;
				CLANG_CXX_LANGUAGE_STANDARD = "gnu++0x";
				CLANG_CXX_LIBRARY = "libc++";
				CLANG_ENABLE_MODULES = YES;
				CLANG_ENABLE_OBJC_ARC = YES;
				CLANG_WARN_BOOL_CONVERSION = YES;
				CLANG_WARN_CONSTANT_CONVERSION = YES;
				CLANG_WARN_DIRECT_OBJC_ISA_USAGE = YES_ERROR;
				CLANG_WARN_EMPTY_BODY = YES;
				CLANG_WARN_ENUM_CONVERSION = YES;
				CLANG_WARN_INT_CONVERSION = YES;
				CLANG_WARN_OBJC_ROOT_CLASS = YES_ERROR;
				CLANG_WARN_UNREACHABLE_CODE = YES;
				CLANG_WARN__DUPLICATE_METHOD_MATCH = YES;
				"CODE_SIGN_IDENTITY[sdk=iphoneos*]" = "iPhone Developer";
				COPY_PHASE_STRIP = NO;
				DEBUG_INFORMATION_FORMAT = "dwarf-with-dsym";
				ENABLE_NS_ASSERTIONS = NO;
				ENABLE_STRICT_OBJC_MSGSEND = YES;
				GCC_C_LANGUAGE_STANDARD = gnu99;
				GCC_NO_COMMON_BLOCKS = YES;
				GCC_WARN_64_TO_32_BIT_CONVERSION = YES;
				GCC_WARN_ABOUT_RETURN_TYPE = YES_ERROR;
				GCC_WARN_UNDECLARED_SELECTOR = YES;
				GCC_WARN_UNINITIALIZED_AUTOS = YES_AGGRESSIVE;
				GCC_WARN_UNUSED_FUNCTION = YES;
				GCC_WARN_UNUSED_VARIABLE = YES;
				IPHONEOS_DEPLOYMENT_TARGET = 9.2;
				MTL_ENABLE_DEBUG_INFO = NO;
				SDKROOT = iphoneos;
				VALIDATE_PRODUCT = YES;
			};
			name = Release;
		};
		C073132C1C5126FA00AE5DA9 /* Debug */ = {
			isa = XCBuildConfiguration;
			baseConfigurationReference = DE1BE7246B828B90BD5861CC /* Pods.debug.xcconfig */;
			buildSettings = {
				ASSETCATALOG_COMPILER_APPICON_NAME = AppIcon;
				INFOPLIST_FILE = CoreNetworking/Info.plist;
				LD_RUNPATH_SEARCH_PATHS = "$(inherited) @executable_path/Frameworks";
				PRODUCT_BUNDLE_IDENTIFIER = "Gabriel-Massana.CoreNetworking";
				PRODUCT_NAME = "$(TARGET_NAME)";
			};
			name = Debug;
		};
		C073132D1C5126FA00AE5DA9 /* Release */ = {
			isa = XCBuildConfiguration;
			baseConfigurationReference = BA3D3306C200173E84BCBCED /* Pods.release.xcconfig */;
			buildSettings = {
				ASSETCATALOG_COMPILER_APPICON_NAME = AppIcon;
				INFOPLIST_FILE = CoreNetworking/Info.plist;
				LD_RUNPATH_SEARCH_PATHS = "$(inherited) @executable_path/Frameworks";
				PRODUCT_BUNDLE_IDENTIFIER = "Gabriel-Massana.CoreNetworking";
				PRODUCT_NAME = "$(TARGET_NAME)";
			};
			name = Release;
		};
/* End XCBuildConfiguration section */

/* Begin XCConfigurationList section */
		C073130F1C5126FA00AE5DA9 /* Build configuration list for PBXProject "CoreNetworking" */ = {
			isa = XCConfigurationList;
			buildConfigurations = (
				C07313291C5126FA00AE5DA9 /* Debug */,
				C073132A1C5126FA00AE5DA9 /* Release */,
			);
			defaultConfigurationIsVisible = 0;
			defaultConfigurationName = Release;
		};
		C073132B1C5126FA00AE5DA9 /* Build configuration list for PBXNativeTarget "CoreNetworking" */ = {
			isa = XCConfigurationList;
			buildConfigurations = (
				C073132C1C5126FA00AE5DA9 /* Debug */,
				C073132D1C5126FA00AE5DA9 /* Release */,
			);
			defaultConfigurationIsVisible = 0;
			defaultConfigurationName = Release;
		};
/* End XCConfigurationList section */
	};
	rootObject = C073130C1C5126FA00AE5DA9 /* Project object */;
}
